
Microsoft Visual Studio Solution File, Format Version 12.00
# Visual Studio Version 17
VisualStudioVersion = 17.11.35312.102
MinimumVisualStudioVersion = 10.0.40219.1
Project("{9A19103F-16F7-4668-BE54-9A1E7A4F7556}") = "Tumakov_lab_09-421_BoroninNikita", "Tumakov_lab_09-421_BoroninNikita.csproj", "{8F0C30DA-44E1-46D2-8236-5105BF4B6134}"
EndProject
Global
	GlobalSection(SolutionConfigurationPlatforms) = preSolution
		Debug|Any CPU = Debug|Any CPU
		Release|Any CPU = Release|Any CPU
	EndGlobalSection
	GlobalSection(ProjectConfigurationPlatforms) = postSolution
		{8F0C30DA-44E1-46D2-8236-5105BF4B6134}.Debug|Any CPU.ActiveCfg = Debug|Any CPU
		{8F0C30DA-44E1-46D2-8236-5105BF4B6134}.Debug|Any CPU.Build.0 = Debug|Any CPU
		{8F0C30DA-44E1-46D2-8236-5105BF4B6134}.Release|Any CPU.ActiveCfg = Release|Any CPU
		{8F0C30DA-44E1-46D2-8236-5105BF4B6134}.Release|Any CPU.Build.0 = Release|Any CPU
	EndGlobalSection
	GlobalSection(SolutionProperties) = preSolution
		HideSolutionNode = FALSE
	EndGlobalSection
	GlobalSection(ExtensibilityGlobals) = postSolution
		SolutionGuid = {9CFD9110-ED10-4E97-9360-D54044DC0AA1}
	EndGlobalSection
EndGlobal
